
Microsoft Visual Studio Solution File, Format Version 12.00
# Visual Studio Version 17
VisualStudioVersion = 17.11.35327.3
MinimumVisualStudioVersion = 10.0.40219.1
Project("{FAE04EC0-301F-11D3-BF4B-00C04F79EFBC}") = "BigPorject", "BigPorject.csproj", "{1A8A67B1-EFDE-4C00-95FA-8C774BF3CCD1}"
EndProject
Global
	GlobalSection(SolutionConfigurationPlatforms) = preSolution
		Debug|Any CPU = Debug|Any CPU
		Release|Any CPU = Release|Any CPU
	EndGlobalSection
	GlobalSection(ProjectConfigurationPlatforms) = postSolution
		{1A8A67B1-EFDE-4C00-95FA-8C774BF3CCD1}.Debug|Any CPU.ActiveCfg = Debug|Any CPU
		{1A8A67B1-EFDE-4C00-95FA-8C774BF3CCD1}.Debug|Any CPU.Build.0 = Debug|Any CPU
		{1A8A67B1-EFDE-4C00-95FA-8C774BF3CCD1}.Release|Any CPU.ActiveCfg = Release|Any CPU
		{1A8A67B1-EFDE-4C00-95FA-8C774BF3CCD1}.Release|Any CPU.Build.0 = Release|Any CPU
	EndGlobalSection
	GlobalSection(SolutionProperties) = preSolution
		HideSolutionNode = FALSE
	EndGlobalSection
	GlobalSection(ExtensibilityGlobals) = postSolution
		SolutionGuid = {EED9BE0B-37DA-49D2-9B0F-657D42B1AB88}
	EndGlobalSection
EndGlobal
